// !$*UTF8*$!
{
	archiveVersion = 1;
	classes = {
	};
	objectVersion = 46;
	objects = {

/* Begin PBXBuildFile section */
		CD7B5F331E9FCC2E00BEF8BD /* AppDelegate.swift in Sources */ = {isa = PBXBuildFile; fileRef = CD7B5F321E9FCC2E00BEF8BD /* AppDelegate.swift */; };
		CD7B5F351E9FCC2E00BEF8BD /* ViewController.swift in Sources */ = {isa = PBXBuildFile; fileRef = CD7B5F341E9FCC2E00BEF8BD /* ViewController.swift */; };
		CD7B5F381E9FCC2E00BEF8BD /* Main.storyboard in Resources */ = {isa = PBXBuildFile; fileRef = CD7B5F361E9FCC2E00BEF8BD /* Main.storyboard */; };
		CD7B5F3A1E9FCC2E00BEF8BD /* Assets.xcassets in Resources */ = {isa = PBXBuildFile; fileRef = CD7B5F391E9FCC2E00BEF8BD /* Assets.xcassets */; };
		CD7B5F3D1E9FCC2E00BEF8BD /* LaunchScreen.storyboard in Resources */ = {isa = PBXBuildFile; fileRef = CD7B5F3B1E9FCC2E00BEF8BD /* LaunchScreen.storyboard */; };
/* End PBXBuildFile section */

/* Begin PBXFileReference section */
		CD7B5F2F1E9FCC2E00BEF8BD /* colorGrid.app */ = {isa = PBXFileReference; explicitFileType = wrapper.application; includeInIndex = 0; path = colorGrid.app; sourceTree = BUILT_PRODUCTS_DIR; };
		CD7B5F321E9FCC2E00BEF8BD /* AppDelegate.swift */ = {isa = PBXFileReference; lastKnownFileType = sourcecode.swift; path = AppDelegate.swift; sourceTree = "<group>"; };
		CD7B5F341E9FCC2E00BEF8BD /* ViewController.swift */ = {isa = PBXFileReference; lastKnownFileType = sourcecode.swift; path = ViewController.swift; sourceTree = "<group>"; };
		CD7B5F371E9FCC2E00BEF8BD /* Base */ = {isa = PBXFileReference; lastKnownFileType = file.storyboard; name = Base; path = Base.lproj/Main.storyboard; sourceTree = "<group>"; };
		CD7B5F391E9FCC2E00BEF8BD /* Assets.xcassets */ = {isa = PBXFileReference; lastKnownFileType = folder.assetcatalog; path = Assets.xcassets; sourceTree = "<group>"; };
		CD7B5F3C1E9FCC2E00BEF8BD /* Base */ = {isa = PBXFileReference; lastKnownFileType = file.storyboard; name = Base; path = Base.lproj/LaunchScreen.storyboard; sourceTree = "<group>"; };
		CD7B5F3E1E9FCC2E00BEF8BD /* Info.plist */ = {isa = PBXFileReference; lastKnownFileType = text.plist.xml; path = Info.plist; sourceTree = "<group>"; };
/* End PBXFileReference section */

/* Begin PBXFrameworksBuildPhase section */
		CD7B5F2C1E9FCC2E00BEF8BD /* Frameworks */ = {
			isa = PBXFrameworksBuildPhase;
			buildActionMask = 2147483647;
			files = (
			);
			runOnlyForDeploymentPostprocessing = 0;
		};
/* End PBXFrameworksBuildPhase section */

/* Begin PBXGroup section */
		CD7B5F261E9FCC2E00BEF8BD = {
			isa = PBXGroup;
			children = (
				CD7B5F311E9FCC2E00BEF8BD /* colorGrid */,
				CD7B5F301E9FCC2E00BEF8BD /* Products */,
			);
			sourceTree = "<group>";
		};
		CD7B5F301E9FCC2E00BEF8BD /* Products */ = {
			isa = PBXGroup;
			children = (
				CD7B5F2F1E9FCC2E00BEF8BD /* colorGrid.app */,
			);
			name = Products;
			sourceTree = "<group>";
		};
		CD7B5F311E9FCC2E00BEF8BD /* colorGrid */ = {
			isa = PBXGroup;
			children = (
				CD7B5F321E9FCC2E00BEF8BD /* AppDelegate.swift */,
				CD7B5F341E9FCC2E00BEF8BD /* ViewController.swift */,
				CD7B5F361E9FCC2E00BEF8BD /* Main.storyboard */,
				CD7B5F391E9FCC2E00BEF8BD /* Assets.xcassets */,
				CD7B5F3B1E9FCC2E00BEF8BD /* LaunchScreen.storyboard */,
				CD7B5F3E1E9FCC2E00BEF8BD /* Info.plist */,
			);
			path = colorGrid;
			sourceTree = "<group>";
		};
/* End PBXGroup section */

/* Begin PBXNativeTarget section */
		CD7B5F2E1E9FCC2E00BEF8BD /* colorGrid */ = {
			isa = PBXNativeTarget;
			buildConfigurationList = CD7B5F411E9FCC2E00BEF8BD /* Build configuration list for PBXNativeTarget "colorGrid" */;
			buildPhases = (
				CD7B5F2B1E9FCC2E00BEF8BD /* Sources */,
				CD7B5F2C1E9FCC2E00BEF8BD /* Frameworks */,
				CD7B5F2D1E9FCC2E00BEF8BD /* Resources */,
			);
			buildRules = (
			);
			dependencies = (
			);
			name = colorGrid;
			productName = colorGrid;
			productReference = CD7B5F2F1E9FCC2E00BEF8BD /* colorGrid.app */;
			productType = "com.apple.product-type.application";
		};
/* End PBXNativeTarget section */

/* Begin PBXProject section */
		CD7B5F271E9FCC2E00BEF8BD /* Project object */ = {
			isa = PBXProject;
			attributes = {
				LastSwiftUpdateCheck = 0830;
				LastUpgradeCheck = 0830;
				ORGANIZATIONNAME = "Omry Dabush";
				TargetAttributes = {
					CD7B5F2E1E9FCC2E00BEF8BD = {
						CreatedOnToolsVersion = 8.3.1;
						DevelopmentTeam = 79LH43EPL7;
						ProvisioningStyle = Automatic;
					};
				};
			};
			buildConfigurationList = CD7B5F2A1E9FCC2E00BEF8BD /* Build configuration list for PBXProject "colorGrid" */;
			compatibilityVersion = "Xcode 3.2";
			developmentRegion = English;
			hasScannedForEncodings = 0;
			knownRegions = (
				en,
				Base,
			);
			mainGroup = CD7B5F261E9FCC2E00BEF8BD;
			productRefGroup = CD7B5F301E9FCC2E00BEF8BD /* Products */;
			projectDirPath = "";
			projectRoot = "";
			targets = (
				CD7B5F2E1E9FCC2E00BEF8BD /* colorGrid */,
			);
		};
/* End PBXProject section */

/* Begin PBXResourcesBuildPhase section */
		CD7B5F2D1E9FCC2E00BEF8BD /* Resources */ = {
			isa = PBXResourcesBuildPhase;
			buildActionMask = 2147483647;
			files = (
				CD7B5F3D1E9FCC2E00BEF8BD /* LaunchScreen.storyboard in Resources */,
				CD7B5F3A1E9FCC2E00BEF8BD /* Assets.xcassets in Resources */,
				CD7B5F381E9FCC2E00BEF8BD /* Main.storyboard in Resources */,
			);
			runOnlyForDeploymentPostprocessing = 0;
		};
/* End PBXResourcesBuildPhase section */

/* Begin PBXSourcesBuildPhase section */
		CD7B5F2B1E9FCC2E00BEF8BD /* Sources */ = {
			isa = PBXSourcesBuildPhase;
			buildActionMask = 2147483647;
			files = (
				CD7B5F351E9FCC2E00BEF8BD /* ViewController.swift in Sources */,
				CD7B5F331E9FCC2E00BEF8BD /* AppDelegate.swift in Sources */,
			);
			runOnlyForDeploymentPostprocessing = 0;
		};
/* End PBXSourcesBuildPhase section */

/* Begin PBXVariantGroup section */
		CD7B5F361E9FCC2E00BEF8BD /* Main.storyboard */ = {
			isa = PBXVariantGroup;
			children = (
				CD7B5F371E9FCC2E00BEF8BD /* Base */,
			);
			name = Main.storyboard;
			sourceTree = "<group>";
		};
		CD7B5F3B1E9FCC2E00BEF8BD /* LaunchScreen.storyboard */ = {
			isa = PBXVariantGroup;
			children = (
				CD7B5F3C1E9FCC2E00BEF8BD /* Base */,
			);
			name = LaunchScreen.storyboard;
			sourceTree = "<group>";
		};
/* End PBXVariantGroup section */

/* Begin XCBuildConfiguration section */
		CD7B5F3F1E9FCC2E00BEF8BD /* Debug */ = {
			isa = XCBuildConfiguration;
			buildSettings = {
				ALWAYS_SEARCH_USER_PATHS = NO;
				CLANG_ANALYZER_NONNULL = YES;
				CLANG_ANALYZER_NUMBER_OBJECT_CONVERSION = YES_AGGRESSIVE;
				CLANG_CXX_LANGUAGE_STANDARD = "gnu++0x";
				CLANG_CXX_LIBRARY = "libc++";
				CLANG_ENABLE_MODULES = YES;
				CLANG_ENABLE_OBJC_ARC = YES;
				CLANG_WARN_BOOL_CONVERSION = YES;
				CLANG_WARN_CONSTANT_CONVERSION = YES;
				CLANG_WARN_DIRECT_OBJC_ISA_USAGE = YES_ERROR;
				CLANG_WARN_DOCUMENTATION_COMMENTS = YES;
				CLANG_WARN_EMPTY_BODY = YES;
				CLANG_WARN_ENUM_CONVERSION = YES;
				CLANG_WARN_INFINITE_RECURSION = YES;
				CLANG_WARN_INT_CONVERSION = YES;
				CLANG_WARN_OBJC_ROOT_CLASS = YES_ERROR;
				CLANG_WARN_SUSPICIOUS_MOVE = YES;
				CLANG_WARN_UNREACHABLE_CODE = YES;
				CLANG_WARN__DUPLICATE_METHOD_MATCH = YES;
				"CODE_SIGN_IDENTITY[sdk=iphoneos*]" = "iPhone Developer";
				COPY_PHASE_STRIP = NO;
				DEBUG_INFORMATION_FORMAT = dwarf;
				ENABLE_STRICT_OBJC_MSGSEND = YES;
				ENABLE_TESTABILITY = YES;
				GCC_C_LANGUAGE_STANDARD = gnu99;
				GCC_DYNAMIC_NO_PIC = NO;
				GCC_NO_COMMON_BLOCKS = YES;
				GCC_OPTIMIZATION_LEVEL = 0;
				GCC_PREPROCESSOR_DEFINITIONS = (
					"DEBUG=1",
					"$(inherited)",
				);
				GCC_WARN_64_TO_32_BIT_CONVERSION = YES;
				GCC_WARN_ABOUT_RETURN_TYPE = YES_ERROR;
				GCC_WARN_UNDECLARED_SELECTOR = YES;
				GCC_WARN_UNINITIALIZED_AUTOS = YES_AGGRESSIVE;
				GCC_WARN_UNUSED_FUNCTION = YES;
				GCC_WARN_UNUSED_VARIABLE = YES;
				IPHONEOS_DEPLOYMENT_TARGET = 10.3;
				MTL_ENABLE_DEBUG_INFO = YES;
				ONLY_ACTIVE_ARCH = YES;
				SDKROOT = iphoneos;
				SWIFT_ACTIVE_COMPILATION_CONDITIONS = DEBUG;
				SWIFT_OPTIMIZATION_LEVEL = "-Onone";
				TARGETED_DEVICE_FAMILY = "1,2";
			};
			name = Debug;
		};
		CD7B5F401E9FCC2E00BEF8BD /* Release */ = {
			isa = XCBuildConfiguration;
			buildSettings = {
				ALWAYS_SEARCH_USER_PATHS = NO;
				CLANG_ANALYZER_NONNULL = YES;
				CLANG_ANALYZER_NUMBER_OBJECT_CONVERSION = YES_AGGRESSIVE;
				CLANG_CXX_LANGUAGE_STANDARD = "gnu++0x";
				CLANG_CXX_LIBRARY = "libc++";
				CLANG_ENABLE_MODULES = YES;
				CLANG_ENABLE_OBJC_ARC = YES;
				CLANG_WARN_BOOL_CONVERSION = YES;
				CLANG_WARN_CONSTANT_CONVERSION = YES;
				CLANG_WARN_DIRECT_OBJC_ISA_USAGE = YES_ERROR;
				CLANG_WARN_DOCUMENTATION_COMMENTS = YES;
				CLANG_WARN_EMPTY_BODY = YES;
				CLANG_WARN_ENUM_CONVERSION = YES;
				CLANG_WARN_INFINITE_RECURSION = YES;
				CLANG_WARN_INT_CONVERSION = YES;
				CLANG_WARN_OBJC_ROOT_CLASS = YES_ERROR;
				CLANG_WARN_SUSPICIOUS_MOVE = YES;
				CLANG_WARN_UNREACHABLE_CODE = YES;
				CLANG_WARN__DUPLICATE_METHOD_MATCH = YES;
				"CODE_SIGN_IDENTITY[sdk=iphoneos*]" = "iPhone Developer";
				COPY_PHASE_STRIP = NO;
				DEBUG_INFORMATION_FORMAT = "dwarf-with-dsym";
				ENABLE_NS_ASSERTIONS = NO;
				ENABLE_STRICT_OBJC_MSGSEND = YES;
				GCC_C_LANGUAGE_STANDARD = gnu99;
				GCC_NO_COMMON_BLOCKS = YES;
				GCC_WARN_64_TO_32_BIT_CONVERSION = YES;
				GCC_WARN_ABOUT_RETURN_TYPE = YES_ERROR;
				GCC_WARN_UNDECLARED_SELECTOR = YES;
				GCC_WARN_UNINITIALIZED_AUTOS = YES_AGGRESSIVE;
				GCC_WARN_UNUSED_FUNCTION = YES;
				GCC_WARN_UNUSED_VARIABLE = YES;
				IPHONEOS_DEPLOYMENT_TARGET = 10.3;
				MTL_ENABLE_DEBUG_INFO = NO;
				SDKROOT = iphoneos;
				SWIFT_OPTIMIZATION_LEVEL = "-Owholemodule";
				TARGETED_DEVICE_FAMILY = "1,2";
				VALIDATE_PRODUCT = YES;
			};
			name = Release;
		};
		CD7B5F421E9FCC2E00BEF8BD /* Debug */ = {
			isa = XCBuildConfiguration;
			buildSettings = {
				ASSETCATALOG_COMPILER_APPICON_NAME = AppIcon;
				DEVELOPMENT_TEAM = 79LH43EPL7;
				INFOPLIST_FILE = colorGrid/Info.plist;
				LD_RUNPATH_SEARCH_PATHS = "$(inherited) @executable_path/Frameworks";
				PRODUCT_BUNDLE_IDENTIFIER = OD.colorGrid;
				PRODUCT_NAME = "$(TARGET_NAME)";
				SWIFT_VERSION = 3.0;
			};
			name = Debug;
		};
		CD7B5F431E9FCC2E00BEF8BD /* Release */ = {
			isa = XCBuildConfiguration;
			buildSettings = {
				ASSETCATALOG_COMPILER_APPICON_NAME = AppIcon;
				DEVELOPMENT_TEAM = 79LH43EPL7;
				INFOPLIST_FILE = colorGrid/Info.plist;
				LD_RUNPATH_SEARCH_PATHS = "$(inherited) @executable_path/Frameworks";
				PRODUCT_BUNDLE_IDENTIFIER = OD.colorGrid;
				PRODUCT_NAME = "$(TARGET_NAME)";
				SWIFT_VERSION = 3.0;
			};
			name = Release;
		};
/* End XCBuildConfiguration section */

/* Begin XCConfigurationList section */
		CD7B5F2A1E9FCC2E00BEF8BD /* Build configuration list for PBXProject "colorGrid" */ = {
			isa = XCConfigurationList;
			buildConfigurations = (
				CD7B5F3F1E9FCC2E00BEF8BD /* Debug */,
				CD7B5F401E9FCC2E00BEF8BD /* Release */,
			);
			defaultConfigurationIsVisible = 0;
			defaultConfigurationName = Release;
		};
		CD7B5F411E9FCC2E00BEF8BD /* Build configuration list for PBXNativeTarget "colorGrid" */ = {
			isa = XCConfigurationList;
			buildConfigurations = (
				CD7B5F421E9FCC2E00BEF8BD /* Debug */,
				CD7B5F431E9FCC2E00BEF8BD /* Release */,
			);
			defaultConfigurationIsVisible = 0;
		};
/* End XCConfigurationList section */
	};
	rootObject = CD7B5F271E9FCC2E00BEF8BD /* Project object */;
}
